
Microsoft Visual Studio Solution File, Format Version 12.00
# Visual Studio Version 17
VisualStudioVersion = 17.2.32516.85
MinimumVisualStudioVersion = 10.0.40219.1
Project("{FAE04EC0-301F-11D3-BF4B-00C04F79EFBC}") = "Github-with-accout-login", "Github-with-accout-login\Github-with-accout-login.csproj", "{34AD98FF-2D5C-4F9A-885F-3E77F277ED63}"
EndProject
Global
	GlobalSection(SolutionConfigurationPlatforms) = preSolution
		Debug|Any CPU = Debug|Any CPU
		Release|Any CPU = Release|Any CPU
	EndGlobalSection
	GlobalSection(ProjectConfigurationPlatforms) = postSolution
		{34AD98FF-2D5C-4F9A-885F-3E77F277ED63}.Debug|Any CPU.ActiveCfg = Debug|Any CPU
		{34AD98FF-2D5C-4F9A-885F-3E77F277ED63}.Debug|Any CPU.Build.0 = Debug|Any CPU
		{34AD98FF-2D5C-4F9A-885F-3E77F277ED63}.Release|Any CPU.ActiveCfg = Release|Any CPU
		{34AD98FF-2D5C-4F9A-885F-3E77F277ED63}.Release|Any CPU.Build.0 = Release|Any CPU
	EndGlobalSection
	GlobalSection(SolutionProperties) = preSolution
		HideSolutionNode = FALSE
	EndGlobalSection
	GlobalSection(ExtensibilityGlobals) = postSolution
		SolutionGuid = {B96D276A-E534-45FF-AD81-153E51781131}
	EndGlobalSection
EndGlobal
